
Microsoft Visual Studio Solution File, Format Version 12.00
# Visual Studio 15
VisualStudioVersion = 15.0.27703.2035
MinimumVisualStudioVersion = 10.0.40219.1
Project("{888888A0-9F3D-457C-B088-3A5042F75D52}") = "Refactoring", "Refactoring\Refactoring.pyproj", "{B75353DE-077D-4EC1-90A7-C61CC7A57F6B}"
EndProject
Global
	GlobalSection(SolutionConfigurationPlatforms) = preSolution
		Debug|Any CPU = Debug|Any CPU
		Release|Any CPU = Release|Any CPU
	EndGlobalSection
	GlobalSection(ProjectConfigurationPlatforms) = postSolution
		{B75353DE-077D-4EC1-90A7-C61CC7A57F6B}.Debug|Any CPU.ActiveCfg = Debug|Any CPU
		{B75353DE-077D-4EC1-90A7-C61CC7A57F6B}.Release|Any CPU.ActiveCfg = Release|Any CPU
	EndGlobalSection
	GlobalSection(SolutionProperties) = preSolution
		HideSolutionNode = FALSE
	EndGlobalSection
	GlobalSection(ExtensibilityGlobals) = postSolution
		SolutionGuid = {5DC764BC-7E31-46D7-B1AA-E0FD9987CEFE}
	EndGlobalSection
EndGlobal
